
Microsoft Visual Studio Solution File, Format Version 12.00
# Visual Studio Version 16
VisualStudioVersion = 16.0.30114.105
MinimumVisualStudioVersion = 10.0.40219.1
Project("{FAE04EC0-301F-11D3-BF4B-00C04F79EFBC}") = "Shared", "Shared\Shared.csproj", "{D480D096-EBE8-45B6-B1E5-3460BAEDA919}"
EndProject
Project("{FAE04EC0-301F-11D3-BF4B-00C04F79EFBC}") = "Api", "Api\Api.csproj", "{96073CB3-3E3B-4CCD-8B89-8ED8045B2BF8}"
EndProject
Global
	GlobalSection(SolutionConfigurationPlatforms) = preSolution
		Debug|Any CPU = Debug|Any CPU
		Release|Any CPU = Release|Any CPU
	EndGlobalSection
	GlobalSection(SolutionProperties) = preSolution
		HideSolutionNode = FALSE
	EndGlobalSection
	GlobalSection(ProjectConfigurationPlatforms) = postSolution
		{D480D096-EBE8-45B6-B1E5-3460BAEDA919}.Debug|Any CPU.ActiveCfg = Debug|Any CPU
		{D480D096-EBE8-45B6-B1E5-3460BAEDA919}.Debug|Any CPU.Build.0 = Debug|Any CPU
		{D480D096-EBE8-45B6-B1E5-3460BAEDA919}.Release|Any CPU.ActiveCfg = Release|Any CPU
		{D480D096-EBE8-45B6-B1E5-3460BAEDA919}.Release|Any CPU.Build.0 = Release|Any CPU
		{96073CB3-3E3B-4CCD-8B89-8ED8045B2BF8}.Debug|Any CPU.ActiveCfg = Debug|Any CPU
		{96073CB3-3E3B-4CCD-8B89-8ED8045B2BF8}.Debug|Any CPU.Build.0 = Debug|Any CPU
		{96073CB3-3E3B-4CCD-8B89-8ED8045B2BF8}.Release|Any CPU.ActiveCfg = Release|Any CPU
		{96073CB3-3E3B-4CCD-8B89-8ED8045B2BF8}.Release|Any CPU.Build.0 = Release|Any CPU
	EndGlobalSection
EndGlobal
